// !$*UTF8*$!
{
	archiveVersion = 1;
	classes = {
	};
	objectVersion = 46;
	objects = {

/* Begin PBXBuildFile section */
		750E66A3150DB7590046696C /* UIKit.framework in Frameworks */ = {isa = PBXBuildFile; fileRef = 750E66A2150DB7590046696C /* UIKit.framework */; };
		750E66A5150DB7590046696C /* Foundation.framework in Frameworks */ = {isa = PBXBuildFile; fileRef = 750E66A4150DB7590046696C /* Foundation.framework */; };
		750E66A7150DB7590046696C /* CoreGraphics.framework in Frameworks */ = {isa = PBXBuildFile; fileRef = 750E66A6150DB7590046696C /* CoreGraphics.framework */; };
		750E66AD150DB7590046696C /* InfoPlist.strings in Resources */ = {isa = PBXBuildFile; fileRef = 750E66AB150DB7590046696C /* InfoPlist.strings */; };
		750E66AF150DB7590046696C /* main.m in Sources */ = {isa = PBXBuildFile; fileRef = 750E66AE150DB7590046696C /* main.m */; };
		750E66CE150DBBBB0046696C /* QuartzCore.framework in Frameworks */ = {isa = PBXBuildFile; fileRef = 750E66CC150DBBA30046696C /* QuartzCore.framework */; };
		750E66D1150DC13E0046696C /* AVFoundation.framework in Frameworks */ = {isa = PBXBuildFile; fileRef = 750E66CF150DC1330046696C /* AVFoundation.framework */; };
		755823491516F9A000918CD8 /* ViewController.xib in Resources */ = {isa = PBXBuildFile; fileRef = 755823481516F9A000918CD8 /* ViewController.xib */; };
		755823511516FD6200918CD8 /* Security.framework in Frameworks */ = {isa = PBXBuildFile; fileRef = 7558234F1516FD3900918CD8 /* Security.framework */; };
		75D35FD5150E0D0200AFE801 /* AppDelegate.m in Sources */ = {isa = PBXBuildFile; fileRef = 75D35FC3150E0D0200AFE801 /* AppDelegate.m */; };
		75D35FD6150E0D0200AFE801 /* dial-bg.png in Resources */ = {isa = PBXBuildFile; fileRef = 75D35FC4150E0D0200AFE801 /* dial-bg.png */; };
		75D35FD7150E0D0200AFE801 /* dial-bg@2x.png in Resources */ = {isa = PBXBuildFile; fileRef = 75D35FC5150E0D0200AFE801 /* dial-bg@2x.png */; };
		75D35FD8150E0D0200AFE801 /* ViewController.m in Sources */ = {isa = PBXBuildFile; fileRef = 75D35FC7150E0D0200AFE801 /* ViewController.m */; };
		75D35FD9150E0D0200AFE801 /* DialClick.caf in Resources */ = {isa = PBXBuildFile; fileRef = 75D35FCA150E0D0200AFE801 /* DialClick.caf */; };
		75D35FDA150E0D0200AFE801 /* dropShadowTop.png in Resources */ = {isa = PBXBuildFile; fileRef = 75D35FCB150E0D0200AFE801 /* dropShadowTop.png */; };
		75D35FDB150E0D0200AFE801 /* dropShadowTop@2x.png in Resources */ = {isa = PBXBuildFile; fileRef = 75D35FCC150E0D0200AFE801 /* dropShadowTop@2x.png */; };
		75D35FDC150E0D0200AFE801 /* pain-cycle.png in Resources */ = {isa = PBXBuildFile; fileRef = 75D35FCD150E0D0200AFE801 /* pain-cycle.png */; };
		75D35FDD150E0D0200AFE801 /* pain-cycle@2x.png in Resources */ = {isa = PBXBuildFile; fileRef = 75D35FCE150E0D0200AFE801 /* pain-cycle@2x.png */; };
		75D35FDE150E0D0200AFE801 /* white-circular-bg1.png in Resources */ = {isa = PBXBuildFile; fileRef = 75D35FCF150E0D0200AFE801 /* white-circular-bg1.png */; };
		75D35FDF150E0D0200AFE801 /* white-circular-bg1@2x.png in Resources */ = {isa = PBXBuildFile; fileRef = 75D35FD0150E0D0200AFE801 /* white-circular-bg1@2x.png */; };
		75D35FE0150E0D0200AFE801 /* VSRotatingView.m in Sources */ = {isa = PBXBuildFile; fileRef = 75D35FD3150E0D0200AFE801 /* VSRotatingView.m */; };
		75D35FE1150E0D0200AFE801 /* VSRotatingView.xib in Resources */ = {isa = PBXBuildFile; fileRef = 75D35FD4150E0D0200AFE801 /* VSRotatingView.xib */; };
		75E34148150F2E010013E776 /* README in Resources */ = {isa = PBXBuildFile; fileRef = 75E34147150F2E010013E776 /* README */; };
/* End PBXBuildFile section */

/* Begin PBXFileReference section */
		750E669E150DB7590046696C /* ImageScroller.app */ = {isa = PBXFileReference; explicitFileType = wrapper.application; includeInIndex = 0; path = ImageScroller.app; sourceTree = BUILT_PRODUCTS_DIR; };
		750E66A2150DB7590046696C /* UIKit.framework */ = {isa = PBXFileReference; lastKnownFileType = wrapper.framework; name = UIKit.framework; path = System/Library/Frameworks/UIKit.framework; sourceTree = SDKROOT; };
		750E66A4150DB7590046696C /* Foundation.framework */ = {isa = PBXFileReference; lastKnownFileType = wrapper.framework; name = Foundation.framework; path = System/Library/Frameworks/Foundation.framework; sourceTree = SDKROOT; };
		750E66A6150DB7590046696C /* CoreGraphics.framework */ = {isa = PBXFileReference; lastKnownFileType = wrapper.framework; name = CoreGraphics.framework; path = System/Library/Frameworks/CoreGraphics.framework; sourceTree = SDKROOT; };
		750E66AA150DB7590046696C /* ImageScroller-Info.plist */ = {isa = PBXFileReference; lastKnownFileType = text.plist.xml; path = "ImageScroller-Info.plist"; sourceTree = "<group>"; };
		750E66AC150DB7590046696C /* en */ = {isa = PBXFileReference; lastKnownFileType = text.plist.strings; name = en; path = en.lproj/InfoPlist.strings; sourceTree = "<group>"; };
		750E66AE150DB7590046696C /* main.m */ = {isa = PBXFileReference; lastKnownFileType = sourcecode.c.objc; path = main.m; sourceTree = "<group>"; };
		750E66B0150DB7590046696C /* ImageScroller-Prefix.pch */ = {isa = PBXFileReference; lastKnownFileType = sourcecode.c.h; path = "ImageScroller-Prefix.pch"; sourceTree = "<group>"; };
		750E66CC150DBBA30046696C /* QuartzCore.framework */ = {isa = PBXFileReference; lastKnownFileType = wrapper.framework; name = QuartzCore.framework; path = System/Library/Frameworks/QuartzCore.framework; sourceTree = SDKROOT; };
		750E66CF150DC1330046696C /* AVFoundation.framework */ = {isa = PBXFileReference; lastKnownFileType = wrapper.framework; name = AVFoundation.framework; path = System/Library/Frameworks/AVFoundation.framework; sourceTree = SDKROOT; };
		755823481516F9A000918CD8 /* ViewController.xib */ = {isa = PBXFileReference; fileEncoding = 4; lastKnownFileType = file.xib; path = ViewController.xib; sourceTree = "<group>"; };
		7558234F1516FD3900918CD8 /* Security.framework */ = {isa = PBXFileReference; lastKnownFileType = wrapper.framework; name = Security.framework; path = System/Library/Frameworks/Security.framework; sourceTree = SDKROOT; };
		75D35FC2150E0D0200AFE801 /* AppDelegate.h */ = {isa = PBXFileReference; fileEncoding = 4; lastKnownFileType = sourcecode.c.h; path = AppDelegate.h; sourceTree = "<group>"; };
		75D35FC3150E0D0200AFE801 /* AppDelegate.m */ = {isa = PBXFileReference; fileEncoding = 4; lastKnownFileType = sourcecode.c.objc; path = AppDelegate.m; sourceTree = "<group>"; };
		75D35FC4150E0D0200AFE801 /* dial-bg.png */ = {isa = PBXFileReference; lastKnownFileType = image.png; path = "dial-bg.png"; sourceTree = "<group>"; };
		75D35FC5150E0D0200AFE801 /* dial-bg@2x.png */ = {isa = PBXFileReference; lastKnownFileType = image.png; path = "dial-bg@2x.png"; sourceTree = "<group>"; };
		75D35FC6150E0D0200AFE801 /* ViewController.h */ = {isa = PBXFileReference; fileEncoding = 4; lastKnownFileType = sourcecode.c.h; path = ViewController.h; sourceTree = "<group>"; };
		75D35FC7150E0D0200AFE801 /* ViewController.m */ = {isa = PBXFileReference; fileEncoding = 4; lastKnownFileType = sourcecode.c.objc; path = ViewController.m; sourceTree = "<group>"; };
		75D35FCA150E0D0200AFE801 /* DialClick.caf */ = {isa = PBXFileReference; lastKnownFileType = file; path = DialClick.caf; sourceTree = "<group>"; };
		75D35FCB150E0D0200AFE801 /* dropShadowTop.png */ = {isa = PBXFileReference; lastKnownFileType = image.png; path = dropShadowTop.png; sourceTree = "<group>"; };
		75D35FCC150E0D0200AFE801 /* dropShadowTop@2x.png */ = {isa = PBXFileReference; lastKnownFileType = image.png; path = "dropShadowTop@2x.png"; sourceTree = "<group>"; };
		75D35FCD150E0D0200AFE801 /* pain-cycle.png */ = {isa = PBXFileReference; lastKnownFileType = image.png; path = "pain-cycle.png"; sourceTree = "<group>"; };
		75D35FCE150E0D0200AFE801 /* pain-cycle@2x.png */ = {isa = PBXFileReference; lastKnownFileType = image.png; path = "pain-cycle@2x.png"; sourceTree = "<group>"; };
		75D35FCF150E0D0200AFE801 /* white-circular-bg1.png */ = {isa = PBXFileReference; lastKnownFileType = image.png; path = "white-circular-bg1.png"; sourceTree = "<group>"; };
		75D35FD0150E0D0200AFE801 /* white-circular-bg1@2x.png */ = {isa = PBXFileReference; lastKnownFileType = image.png; path = "white-circular-bg1@2x.png"; sourceTree = "<group>"; };
		75D35FD1150E0D0200AFE801 /* VSConstant.h */ = {isa = PBXFileReference; fileEncoding = 4; lastKnownFileType = sourcecode.c.h; path = VSConstant.h; sourceTree = "<group>"; };
		75D35FD2150E0D0200AFE801 /* VSRotatingView.h */ = {isa = PBXFileReference; fileEncoding = 4; lastKnownFileType = sourcecode.c.h; path = VSRotatingView.h; sourceTree = "<group>"; };
		75D35FD3150E0D0200AFE801 /* VSRotatingView.m */ = {isa = PBXFileReference; fileEncoding = 4; lastKnownFileType = sourcecode.c.objc; path = VSRotatingView.m; sourceTree = "<group>"; };
		75D35FD4150E0D0200AFE801 /* VSRotatingView.xib */ = {isa = PBXFileReference; fileEncoding = 4; lastKnownFileType = file.xib; path = VSRotatingView.xib; sourceTree = "<group>"; };
		75E34147150F2E010013E776 /* README */ = {isa = PBXFileReference; fileEncoding = 4; lastKnownFileType = text; path = README; sourceTree = "<group>"; };
/* End PBXFileReference section */

/* Begin PBXFrameworksBuildPhase section */
		750E669B150DB7590046696C /* Frameworks */ = {
			isa = PBXFrameworksBuildPhase;
			buildActionMask = 2147483647;
			files = (
				755823511516FD6200918CD8 /* Security.framework in Frameworks */,
				750E66D1150DC13E0046696C /* AVFoundation.framework in Frameworks */,
				750E66CE150DBBBB0046696C /* QuartzCore.framework in Frameworks */,
				750E66A3150DB7590046696C /* UIKit.framework in Frameworks */,
				750E66A5150DB7590046696C /* Foundation.framework in Frameworks */,
				750E66A7150DB7590046696C /* CoreGraphics.framework in Frameworks */,
			);
			runOnlyForDeploymentPostprocessing = 0;
		};
/* End PBXFrameworksBuildPhase section */

/* Begin PBXGroup section */
		750E6693150DB7590046696C = {
			isa = PBXGroup;
			children = (
				750E66A8150DB7590046696C /* ImageScroller */,
				750E66A1150DB7590046696C /* Frameworks */,
				750E669F150DB7590046696C /* Products */,
			);
			sourceTree = "<group>";
		};
		750E669F150DB7590046696C /* Products */ = {
			isa = PBXGroup;
			children = (
				750E669E150DB7590046696C /* ImageScroller.app */,
			);
			name = Products;
			sourceTree = "<group>";
		};
		750E66A1150DB7590046696C /* Frameworks */ = {
			isa = PBXGroup;
			children = (
				7558234F1516FD3900918CD8 /* Security.framework */,
				750E66CF150DC1330046696C /* AVFoundation.framework */,
				750E66CC150DBBA30046696C /* QuartzCore.framework */,
				750E66A2150DB7590046696C /* UIKit.framework */,
				750E66A4150DB7590046696C /* Foundation.framework */,
				750E66A6150DB7590046696C /* CoreGraphics.framework */,
			);
			name = Frameworks;
			sourceTree = "<group>";
		};
		750E66A8150DB7590046696C /* ImageScroller */ = {
			isa = PBXGroup;
			children = (
				75E34147150F2E010013E776 /* README */,
				75D35FC1150E0D0200AFE801 /* Demo */,
				75D35FC8150E0D0200AFE801 /* VSRotatingView */,
				750E66A9150DB7590046696C /* Supporting Files */,
			);
			path = ImageScroller;
			sourceTree = "<group>";
		};
		750E66A9150DB7590046696C /* Supporting Files */ = {
			isa = PBXGroup;
			children = (
				750E66AA150DB7590046696C /* ImageScroller-Info.plist */,
				750E66AB150DB7590046696C /* InfoPlist.strings */,
				750E66AE150DB7590046696C /* main.m */,
				750E66B0150DB7590046696C /* ImageScroller-Prefix.pch */,
			);
			name = "Supporting Files";
			sourceTree = "<group>";
		};
		75D35FC1150E0D0200AFE801 /* Demo */ = {
			isa = PBXGroup;
			children = (
				75D35FC2150E0D0200AFE801 /* AppDelegate.h */,
				75D35FC3150E0D0200AFE801 /* AppDelegate.m */,
				75D35FC4150E0D0200AFE801 /* dial-bg.png */,
				75D35FC5150E0D0200AFE801 /* dial-bg@2x.png */,
				75D35FC6150E0D0200AFE801 /* ViewController.h */,
				75D35FC7150E0D0200AFE801 /* ViewController.m */,
				755823481516F9A000918CD8 /* ViewController.xib */,
			);
			path = Demo;
			sourceTree = "<group>";
		};
		75D35FC8150E0D0200AFE801 /* VSRotatingView */ = {
			isa = PBXGroup;
			children = (
				75D35FC9150E0D0200AFE801 /* Resources */,
				75D35FD1150E0D0200AFE801 /* VSConstant.h */,
				75D35FD2150E0D0200AFE801 /* VSRotatingView.h */,
				75D35FD3150E0D0200AFE801 /* VSRotatingView.m */,
				75D35FD4150E0D0200AFE801 /* VSRotatingView.xib */,
			);
			path = VSRotatingView;
			sourceTree = "<group>";
		};
		75D35FC9150E0D0200AFE801 /* Resources */ = {
			isa = PBXGroup;
			children = (
				75D35FCA150E0D0200AFE801 /* DialClick.caf */,
				75D35FCB150E0D0200AFE801 /* dropShadowTop.png */,
				75D35FCC150E0D0200AFE801 /* dropShadowTop@2x.png */,
				75D35FCD150E0D0200AFE801 /* pain-cycle.png */,
				75D35FCE150E0D0200AFE801 /* pain-cycle@2x.png */,
				75D35FCF150E0D0200AFE801 /* white-circular-bg1.png */,
				75D35FD0150E0D0200AFE801 /* white-circular-bg1@2x.png */,
			);
			path = Resources;
			sourceTree = "<group>";
		};
/* End PBXGroup section */

/* Begin PBXNativeTarget section */
		750E669D150DB7590046696C /* ImageScroller */ = {
			isa = PBXNativeTarget;
			buildConfigurationList = 750E66BC150DB7590046696C /* Build configuration list for PBXNativeTarget "ImageScroller" */;
			buildPhases = (
				750E669A150DB7590046696C /* Sources */,
				750E669B150DB7590046696C /* Frameworks */,
				750E669C150DB7590046696C /* Resources */,
			);
			buildRules = (
			);
			dependencies = (
			);
			name = ImageScroller;
			productName = ImageScroller;
			productReference = 750E669E150DB7590046696C /* ImageScroller.app */;
			productType = "com.apple.product-type.application";
		};
/* End PBXNativeTarget section */

/* Begin PBXProject section */
		750E6695150DB7590046696C /* Project object */ = {
			isa = PBXProject;
			attributes = {
				LastUpgradeCheck = 0430;
			};
			buildConfigurationList = 750E6698150DB7590046696C /* Build configuration list for PBXProject "ImageScroller" */;
			compatibilityVersion = "Xcode 3.2";
			developmentRegion = English;
			hasScannedForEncodings = 0;
			knownRegions = (
				en,
			);
			mainGroup = 750E6693150DB7590046696C;
			productRefGroup = 750E669F150DB7590046696C /* Products */;
			projectDirPath = "";
			projectRoot = "";
			targets = (
				750E669D150DB7590046696C /* ImageScroller */,
			);
		};
/* End PBXProject section */

/* Begin PBXResourcesBuildPhase section */
		750E669C150DB7590046696C /* Resources */ = {
			isa = PBXResourcesBuildPhase;
			buildActionMask = 2147483647;
			files = (
				750E66AD150DB7590046696C /* InfoPlist.strings in Resources */,
				75D35FD6150E0D0200AFE801 /* dial-bg.png in Resources */,
				75D35FD7150E0D0200AFE801 /* dial-bg@2x.png in Resources */,
				75D35FD9150E0D0200AFE801 /* DialClick.caf in Resources */,
				75D35FDA150E0D0200AFE801 /* dropShadowTop.png in Resources */,
				75D35FDB150E0D0200AFE801 /* dropShadowTop@2x.png in Resources */,
				75D35FDC150E0D0200AFE801 /* pain-cycle.png in Resources */,
				75D35FDD150E0D0200AFE801 /* pain-cycle@2x.png in Resources */,
				75D35FDE150E0D0200AFE801 /* white-circular-bg1.png in Resources */,
				75D35FDF150E0D0200AFE801 /* white-circular-bg1@2x.png in Resources */,
				75D35FE1150E0D0200AFE801 /* VSRotatingView.xib in Resources */,
				75E34148150F2E010013E776 /* README in Resources */,
				755823491516F9A000918CD8 /* ViewController.xib in Resources */,
			);
			runOnlyForDeploymentPostprocessing = 0;
		};
/* End PBXResourcesBuildPhase section */

/* Begin PBXSourcesBuildPhase section */
		750E669A150DB7590046696C /* Sources */ = {
			isa = PBXSourcesBuildPhase;
			buildActionMask = 2147483647;
			files = (
				750E66AF150DB7590046696C /* main.m in Sources */,
				75D35FD5150E0D0200AFE801 /* AppDelegate.m in Sources */,
				75D35FD8150E0D0200AFE801 /* ViewController.m in Sources */,
				75D35FE0150E0D0200AFE801 /* VSRotatingView.m in Sources */,
			);
			runOnlyForDeploymentPostprocessing = 0;
		};
/* End PBXSourcesBuildPhase section */

/* Begin PBXVariantGroup section */
		750E66AB150DB7590046696C /* InfoPlist.strings */ = {
			isa = PBXVariantGroup;
			children = (
				750E66AC150DB7590046696C /* en */,
			);
			name = InfoPlist.strings;
			sourceTree = "<group>";
		};
/* End PBXVariantGroup section */

/* Begin XCBuildConfiguration section */
		750E66BA150DB7590046696C /* Debug */ = {
			isa = XCBuildConfiguration;
			buildSettings = {
				ALWAYS_SEARCH_USER_PATHS = NO;
				ARCHS = "$(ARCHS_STANDARD_32_BIT)";
				"CODE_SIGN_IDENTITY[sdk=iphoneos*]" = "iPhone Developer";
				COPY_PHASE_STRIP = NO;
				GCC_C_LANGUAGE_STANDARD = gnu99;
				GCC_DYNAMIC_NO_PIC = NO;
				GCC_OPTIMIZATION_LEVEL = 0;
				GCC_PREPROCESSOR_DEFINITIONS = (
					"DEBUG=1",
					"$(inherited)",
				);
				GCC_SYMBOLS_PRIVATE_EXTERN = NO;
				GCC_VERSION = com.apple.compilers.llvm.clang.1_0;
				GCC_WARN_ABOUT_RETURN_TYPE = YES;
				GCC_WARN_UNINITIALIZED_AUTOS = YES;
				GCC_WARN_UNUSED_VARIABLE = YES;
				IPHONEOS_DEPLOYMENT_TARGET = 5.1;
				SDKROOT = iphoneos;
			};
			name = Debug;
		};
		750E66BB150DB7590046696C /* Release */ = {
			isa = XCBuildConfiguration;
			buildSettings = {
				ALWAYS_SEARCH_USER_PATHS = NO;
				ARCHS = "$(ARCHS_STANDARD_32_BIT)";
				"CODE_SIGN_IDENTITY[sdk=iphoneos*]" = "iPhone Developer";
				COPY_PHASE_STRIP = YES;
				GCC_C_LANGUAGE_STANDARD = gnu99;
				GCC_VERSION = com.apple.compilers.llvm.clang.1_0;
				GCC_WARN_ABOUT_RETURN_TYPE = YES;
				GCC_WARN_UNINITIALIZED_AUTOS = YES;
				GCC_WARN_UNUSED_VARIABLE = YES;
				IPHONEOS_DEPLOYMENT_TARGET = 5.1;
				OTHER_CFLAGS = "-DNS_BLOCK_ASSERTIONS=1";
				SDKROOT = iphoneos;
				VALIDATE_PRODUCT = YES;
			};
			name = Release;
		};
		750E66BD150DB7590046696C /* Debug */ = {
			isa = XCBuildConfiguration;
			buildSettings = {
				CODE_SIGN_IDENTITY = "iPhone Developer: manish nath (32777266PH)";
				GCC_PRECOMPILE_PREFIX_HEADER = YES;
				GCC_PREFIX_HEADER = "ImageScroller/ImageScroller-Prefix.pch";
				INFOPLIST_FILE = "ImageScroller/ImageScroller-Info.plist";
				IPHONEOS_DEPLOYMENT_TARGET = 4.3;
				PRODUCT_NAME = "$(TARGET_NAME)";
				PROVISIONING_PROFILE = "FDFDEAEB-3090-4521-B1FA-11911122C25C";
				WRAPPER_EXTENSION = app;
			};
			name = Debug;
		};
		750E66BE150DB7590046696C /* Release */ = {
			isa = XCBuildConfiguration;
			buildSettings = {
				GCC_PRECOMPILE_PREFIX_HEADER = YES;
				GCC_PREFIX_HEADER = "ImageScroller/ImageScroller-Prefix.pch";
				INFOPLIST_FILE = "ImageScroller/ImageScroller-Info.plist";
				IPHONEOS_DEPLOYMENT_TARGET = 4.3;
				PRODUCT_NAME = "$(TARGET_NAME)";
				WRAPPER_EXTENSION = app;
			};
			name = Release;
		};
/* End XCBuildConfiguration section */

/* Begin XCConfigurationList section */
		750E6698150DB7590046696C /* Build configuration list for PBXProject "ImageScroller" */ = {
			isa = XCConfigurationList;
			buildConfigurations = (
				750E66BA150DB7590046696C /* Debug */,
				750E66BB150DB7590046696C /* Release */,
			);
			defaultConfigurationIsVisible = 0;
			defaultConfigurationName = Release;
		};
		750E66BC150DB7590046696C /* Build configuration list for PBXNativeTarget "ImageScroller" */ = {
			isa = XCConfigurationList;
			buildConfigurations = (
				750E66BD150DB7590046696C /* Debug */,
				750E66BE150DB7590046696C /* Release */,
			);
			defaultConfigurationIsVisible = 0;
			defaultConfigurationName = Release;
		};
/* End XCConfigurationList section */
	};
	rootObject = 750E6695150DB7590046696C /* Project object */;
}
